GIT
  remote: https://github.com/cyberarm/ffi-enet.git
  revision: ebb9e2070b3d9dd3bc4893dc074975138c6ba666
  specs:
    ffi-enet (0.1.0)
      ffi (~> 1.15)

GEM
  remote: https://rubygems.org/
  specs:
    concurrent-ruby (1.3.6)
    cyberarm_engine (0.25.1)
      gosu (~> 1.1)
    faker (3.6.1)
      i18n (>= 1.8.11, < 2)
    ffi (1.17.4)
    ffi (1.17.4-x86_64-linux-gnu)
    gosu (1.4.6)
    i18n (1.14.8)
      concurrent-ruby (~> 1.0)
    json (2.19.3)
    serialport (1.4.0)

PLATFORMS
  ruby
  x86_64-linux

DEPENDENCIES
  cyberarm_engine
  faker
  ffi-enet!
  json
  serialport

CHECKSUMS
  concurrent-ruby (1.3.6) sha256=6b56837e1e7e5292f9864f34b69c5a2cbc75c0cf5338f1ce9903d10fa762d5ab
  cyberarm_engine (0.25.1) sha256=6f851a2ed0a32bdd25fc619172b546a8e26eefeb13a62c509f226337170d0efe
  faker (3.6.1) sha256=c513d23c1d26b426283e913b25e0b714576011d7c1ad368a9ac6ea2113a1ccde
  ffi (1.17.4) sha256=bcd1642e06f0d16fc9e09ac6d49c3a7298b9789bcb58127302f934e437d60acf
  ffi (1.17.4-x86_64-linux-gnu) sha256=9d3db14c2eae074b382fa9c083fe95aec6e0a1451da249eab096c34002bc752d
  ffi-enet (0.1.0)
  gosu (1.4.6) sha256=80c7fa48cf61f4960ef067fdd1c000d98b4adc8e11faeaa486543d00908a5c15
  i18n (1.14.8) sha256=285778639134865c5e0f6269e0b818256017e8cde89993fdfcbfb64d088824a5
  json (2.19.3) sha256=289b0bb53052a1fa8c34ab33cc750b659ba14a5c45f3fcf4b18762dc67c78646
  serialport (1.4.0) sha256=a9a790bf252449e59d9973625205af5123e9ee2e5583b77ddfcd8bd091b78c69

BUNDLED WITH
  4.0.8
